
Microsoft Visual Studio Solution File, Format Version 12.00
# Visual Studio Version 16
VisualStudioVersion = 16.0.31424.327
MinimumVisualStudioVersion = 10.0.40219.1
Project("{9A19103F-16F7-4668-BE54-9A1E7A4F7556}") = "TestProject", "TestProject\TestProject.csproj", "{9BF1018F-7403-4287-902E-136A0E65FBD0}"
EndProject
Project("{FAE04EC0-301F-11D3-BF4B-00C04F79EFBC}") = "SurfClub", "..\SurfClub\SurfClub.csproj", "{47541A13-188B-40AB-B470-63C7D8330098}"
EndProject
Global
	GlobalSection(SolutionConfigurationPlatforms) = preSolution
		Debug|Any CPU = Debug|Any CPU
		Release|Any CPU = Release|Any CPU
	EndGlobalSection
	GlobalSection(ProjectConfigurationPlatforms) = postSolution
		{9BF1018F-7403-4287-902E-136A0E65FBD0}.Debug|Any CPU.ActiveCfg = Debug|Any CPU
		{9BF1018F-7403-4287-902E-136A0E65FBD0}.Debug|Any CPU.Build.0 = Debug|Any CPU
		{9BF1018F-7403-4287-902E-136A0E65FBD0}.Release|Any CPU.ActiveCfg = Release|Any CPU
		{9BF1018F-7403-4287-902E-136A0E65FBD0}.Release|Any CPU.Build.0 = Release|Any CPU
		{47541A13-188B-40AB-B470-63C7D8330098}.Debug|Any CPU.ActiveCfg = Debug|Any CPU
		{47541A13-188B-40AB-B470-63C7D8330098}.Debug|Any CPU.Build.0 = Debug|Any CPU
		{47541A13-188B-40AB-B470-63C7D8330098}.Release|Any CPU.ActiveCfg = Release|Any CPU
		{47541A13-188B-40AB-B470-63C7D8330098}.Release|Any CPU.Build.0 = Release|Any CPU
	EndGlobalSection
	GlobalSection(SolutionProperties) = preSolution
		HideSolutionNode = FALSE
	EndGlobalSection
	GlobalSection(ExtensibilityGlobals) = postSolution
		SolutionGuid = {0F852312-8590-4E6C-978A-D0C53590CF26}
	EndGlobalSection
EndGlobal
